
Microsoft Visual Studio Solution File, Format Version 12.00
# Visual Studio 15
VisualStudioVersion = 15.0.26228.4
MinimumVisualStudioVersion = 10.0.40219.1
Project("{FAE04EC0-301F-11D3-BF4B-00C04F79EFBC}") = "DigitalLeader.DAL", "DigitalLeader.DAL\DigitalLeader.DAL.csproj", "{E5AB181F-9FAF-487B-92FB-3B499E1C951E}"
EndProject
Project("{FAE04EC0-301F-11D3-BF4B-00C04F79EFBC}") = "DigitalLeader.Entities", "DigitalLeader.Entities\DigitalLeader.Entities.csproj", "{702CDAE8-6A15-41B6-965C-964AEB54E4F0}"
EndProject
Project("{FAE04EC0-301F-11D3-BF4B-00C04F79EFBC}") = "DigitalLeader.ViewModels", "DigitalLeader.ViewModels\DigitalLeader.ViewModels.csproj", "{5B5A7498-16BD-44BE-B733-0968568E5C06}"
EndProject
Project("{FAE04EC0-301F-11D3-BF4B-00C04F79EFBC}") = "DigitalLeader.Web", "DigitalLeader.Web\DigitalLeader.Web.csproj", "{1E650EA5-F95B-415D-9003-1B6A7E5302B3}"
EndProject
Project("{FAE04EC0-301F-11D3-BF4B-00C04F79EFBC}") = "DigitalLeader.Services", "DigitalLeader.Services\DigitalLeader.Services.csproj", "{931089AA-8D4A-46FB-900B-9B6935107F41}"
EndProject
Global
	GlobalSection(SolutionConfigurationPlatforms) = preSolution
		Debug|Any CPU = Debug|Any CPU
		Release|Any CPU = Release|Any CPU
	EndGlobalSection
	GlobalSection(ProjectConfigurationPlatforms) = postSolution
		{E5AB181F-9FAF-487B-92FB-3B499E1C951E}.Debug|Any CPU.ActiveCfg = Debug|Any CPU
		{E5AB181F-9FAF-487B-92FB-3B499E1C951E}.Debug|Any CPU.Build.0 = Debug|Any CPU
		{E5AB181F-9FAF-487B-92FB-3B499E1C951E}.Release|Any CPU.ActiveCfg = Release|Any CPU
		{E5AB181F-9FAF-487B-92FB-3B499E1C951E}.Release|Any CPU.Build.0 = Release|Any CPU
		{702CDAE8-6A15-41B6-965C-964AEB54E4F0}.Debug|Any CPU.ActiveCfg = Debug|Any CPU
		{702CDAE8-6A15-41B6-965C-964AEB54E4F0}.Debug|Any CPU.Build.0 = Debug|Any CPU
		{702CDAE8-6A15-41B6-965C-964AEB54E4F0}.Release|Any CPU.ActiveCfg = Release|Any CPU
		{702CDAE8-6A15-41B6-965C-964AEB54E4F0}.Release|Any CPU.Build.0 = Release|Any CPU
		{5B5A7498-16BD-44BE-B733-0968568E5C06}.Debug|Any CPU.ActiveCfg = Debug|Any CPU
		{5B5A7498-16BD-44BE-B733-0968568E5C06}.Debug|Any CPU.Build.0 = Debug|Any CPU
		{5B5A7498-16BD-44BE-B733-0968568E5C06}.Release|Any CPU.ActiveCfg = Release|Any CPU
		{5B5A7498-16BD-44BE-B733-0968568E5C06}.Release|Any CPU.Build.0 = Release|Any CPU
		{1E650EA5-F95B-415D-9003-1B6A7E5302B3}.Debug|Any CPU.ActiveCfg = Debug|Any CPU
		{1E650EA5-F95B-415D-9003-1B6A7E5302B3}.Debug|Any CPU.Build.0 = Debug|Any CPU
		{1E650EA5-F95B-415D-9003-1B6A7E5302B3}.Release|Any CPU.ActiveCfg = Release|Any CPU
		{1E650EA5-F95B-415D-9003-1B6A7E5302B3}.Release|Any CPU.Build.0 = Release|Any CPU
		{931089AA-8D4A-46FB-900B-9B6935107F41}.Debug|Any CPU.ActiveCfg = Debug|Any CPU
		{931089AA-8D4A-46FB-900B-9B6935107F41}.Debug|Any CPU.Build.0 = Debug|Any CPU
		{931089AA-8D4A-46FB-900B-9B6935107F41}.Release|Any CPU.ActiveCfg = Release|Any CPU
		{931089AA-8D4A-46FB-900B-9B6935107F41}.Release|Any CPU.Build.0 = Release|Any CPU
	EndGlobalSection
	GlobalSection(SolutionProperties) = preSolution
		HideSolutionNode = FALSE
	EndGlobalSection
EndGlobal
